
Microsoft Visual Studio Solution File, Format Version 12.00
# Visual Studio Version 17
VisualStudioVersion = 17.14.36518.9
MinimumVisualStudioVersion = 10.0.40219.1
Project("{2150E333-8FDC-42A3-9474-1A3956D46DE8}") = "Task0", "Task0", "{02EA681E-C7D8-13C7-8484-4AC65E1B71E8}"
EndProject
Project("{FAE04EC0-301F-11D3-BF4B-00C04F79EFBC}") = "Tyuiu.ReshetovaAA.Sprint5.Task0.V17", "Tyuiu.ReshetovaAA.Sprint5.Task0.V17\Tyuiu.ReshetovaAA.Sprint5.Task0.V17.csproj", "{1821CE08-DAE6-43BA-A93F-7D8E2EB0F2BE}"
EndProject
Project("{FAE04EC0-301F-11D3-BF4B-00C04F79EFBC}") = "Tyuiu.ReshetovaAA.Sprint5.Task0.V17.Test", "Tyuiu.ReshetovaAA.Sprint5.Task0.V17.Test\Tyuiu.ReshetovaAA.Sprint5.Task0.V17.Test.csproj", "{2BD5EE21-E19D-4079-B512-334FED2639E4}"
EndProject
Project("{FAE04EC0-301F-11D3-BF4B-00C04F79EFBC}") = "Tyuiu.ReshetovaAA.Sprint5.Task0.V17.Lib", "Tyuiu.ReshetovaAA.Sprint5.Task0.V17.Lib\Tyuiu.ReshetovaAA.Sprint5.Task0.V17.Lib.csproj", "{8B641059-B3B2-4428-A7AA-6DC38FDC1E29}"
EndProject
Project("{2150E333-8FDC-42A3-9474-1A3956D46DE8}") = "Task1", "Task1", "{4FF36A43-2186-472D-928A-9752D028342D}"
EndProject
Project("{FAE04EC0-301F-11D3-BF4B-00C04F79EFBC}") = "Tyuiu.ReshetovaAA.Sprint5.Task1.V9.Lib", "Tyuiu.ReshetovaAA.Sprint5.Task1.V9.Lib\Tyuiu.ReshetovaAA.Sprint5.Task1.V9.Lib.csproj", "{D29902D3-6FD7-4F13-B380-48057D083E69}"
EndProject
Project("{FAE04EC0-301F-11D3-BF4B-00C04F79EFBC}") = "Tyuiu.ReshetovaAA.Sprint5.Task1.V9.Test", "Tyuiu.ReshetovaAA.Sprint5.Task1.V9.Test\Tyuiu.ReshetovaAA.Sprint5.Task1.V9.Test.csproj", "{50719BB5-3ACE-43B4-9DB6-0663ACD3EE92}"
EndProject
Project("{FAE04EC0-301F-11D3-BF4B-00C04F79EFBC}") = "Tyuiu.ReshetovaAA.Sprint5.Task1.V9", "Tyuiu.ReshetovaAA.Sprint5.Task1.V9\Tyuiu.ReshetovaAA.Sprint5.Task1.V9.csproj", "{20DF2754-A308-45C4-A971-B1DD67738240}"
EndProject
Project("{2150E333-8FDC-42A3-9474-1A3956D46DE8}") = "Task2", "Task2", "{3100FDC3-A6BF-4C65-BCCB-F29271519C2E}"
EndProject
Project("{FAE04EC0-301F-11D3-BF4B-00C04F79EFBC}") = "Tyuiu.ReshetovaAA.Sprint5.Task2.V19", "Tyuiu.ReshetovaAA.Sprint5.Task2.V19\Tyuiu.ReshetovaAA.Sprint5.Task2.V19.csproj", "{7D71583C-584F-44C4-BB54-0626A1FF9F9C}"
EndProject
Project("{FAE04EC0-301F-11D3-BF4B-00C04F79EFBC}") = "Tyuiu.ReshetovaAA.Sprint5.Task2.V19.Test", "Tyuiu.ReshetovaAA.Sprint5.Task2.V19.Test\Tyuiu.ReshetovaAA.Sprint5.Task2.V19.Test.csproj", "{FCF0D9C9-5A8B-4C1A-9B1D-B107EFF2D026}"
EndProject
Project("{FAE04EC0-301F-11D3-BF4B-00C04F79EFBC}") = "Tyuiu.ReshetovaAA.Sprint5.Task2.V19.Lib", "Tyuiu.ReshetovaAA.Sprint5.Task2.V19.Lib\Tyuiu.ReshetovaAA.Sprint5.Task2.V19.Lib.csproj", "{291D6FFC-7FFC-4F1F-B8A9-AEF7748AFAA6}"
EndProject
Project("{2150E333-8FDC-42A3-9474-1A3956D46DE8}") = "Task3", "Task3", "{EB015BD6-AAA1-46E8-8203-1052A10A3D35}"
EndProject
Project("{FAE04EC0-301F-11D3-BF4B-00C04F79EFBC}") = "Tyuiu.ReshetovaAA.Sprint5.Task3.V2.Lib", "Tyuiu.ReshetovaAA.Sprint5.Task3.V2.Lib\Tyuiu.ReshetovaAA.Sprint5.Task3.V2.Lib.csproj", "{09DC602D-F7E3-409E-9479-9F680827B1E6}"
EndProject
Project("{FAE04EC0-301F-11D3-BF4B-00C04F79EFBC}") = "Tyuiu.ReshetovaAA.Sprint5.Task3.V2.Test", "Tyuiu.ReshetovaAA.Sprint5.Task3.V2.Test\Tyuiu.ReshetovaAA.Sprint5.Task3.V2.Test.csproj", "{5A4D562E-D209-4F82-A33D-EEE36FAD8640}"
EndProject
Project("{FAE04EC0-301F-11D3-BF4B-00C04F79EFBC}") = "Tyuiu.ReshetovaAA.Sprint5.Task3.V2", "Tyuiu.ReshetovaAA.Sprint5.Task3.V2\Tyuiu.ReshetovaAA.Sprint5.Task3.V2.csproj", "{9CF048AE-B9EA-4993-907A-0C2A59F68ABD}"
EndProject
Project("{2150E333-8FDC-42A3-9474-1A3956D46DE8}") = "Task4", "Task4", "{3B868171-113A-4468-97DA-8965A7CEA75D}"
EndProject
Project("{FAE04EC0-301F-11D3-BF4B-00C04F79EFBC}") = "Tyuiu.ReshetovaAA.Sprint5.Task4.V18", "Tyuiu.ReshetovaAA.Sprint5.Task4.V18\Tyuiu.ReshetovaAA.Sprint5.Task4.V18.csproj", "{259BCC2F-48D1-486A-9BDA-CA21B14C0119}"
EndProject
Project("{FAE04EC0-301F-11D3-BF4B-00C04F79EFBC}") = "Tyuiu.ReshetovaAA.Sprint5.Task4.V18.Test", "Tyuiu.ReshetovaAA.Sprint5.Task4.V18.Test\Tyuiu.ReshetovaAA.Sprint5.Task4.V18.Test.csproj", "{E924081D-5C98-45EE-8FD7-DEA3CD83FCC2}"
EndProject
Project("{FAE04EC0-301F-11D3-BF4B-00C04F79EFBC}") = "Tyuiu.ReshetovaAA.Sprint5.Task4.V18.Lib", "Tyuiu.ReshetovaAA.Sprint5.Task4.V18.Lib\Tyuiu.ReshetovaAA.Sprint5.Task4.V18.Lib.csproj", "{640ACEB9-482E-409A-8BD6-04DBDCA885D7}"
EndProject
Global
	GlobalSection(SolutionConfigurationPlatforms) = preSolution
		Debug|Any CPU = Debug|Any CPU
		Release|Any CPU = Release|Any CPU
	EndGlobalSection
	GlobalSection(ProjectConfigurationPlatforms) = postSolution
		{1821CE08-DAE6-43BA-A93F-7D8E2EB0F2BE}.Debug|Any CPU.ActiveCfg = Debug|Any CPU
		{1821CE08-DAE6-43BA-A93F-7D8E2EB0F2BE}.Debug|Any CPU.Build.0 = Debug|Any CPU
		{1821CE08-DAE6-43BA-A93F-7D8E2EB0F2BE}.Release|Any CPU.ActiveCfg = Release|Any CPU
		{1821CE08-DAE6-43BA-A93F-7D8E2EB0F2BE}.Release|Any CPU.Build.0 = Release|Any CPU
		{2BD5EE21-E19D-4079-B512-334FED2639E4}.Debug|Any CPU.ActiveCfg = Debug|Any CPU
		{2BD5EE21-E19D-4079-B512-334FED2639E4}.Debug|Any CPU.Build.0 = Debug|Any CPU
		{2BD5EE21-E19D-4079-B512-334FED2639E4}.Release|Any CPU.ActiveCfg = Release|Any CPU
		{2BD5EE21-E19D-4079-B512-334FED2639E4}.Release|Any CPU.Build.0 = Release|Any CPU
		{8B641059-B3B2-4428-A7AA-6DC38FDC1E29}.Debug|Any CPU.ActiveCfg = Debug|Any CPU
		{8B641059-B3B2-4428-A7AA-6DC38FDC1E29}.Debug|Any CPU.Build.0 = Debug|Any CPU
		{8B641059-B3B2-4428-A7AA-6DC38FDC1E29}.Release|Any CPU.ActiveCfg = Release|Any CPU
		{8B641059-B3B2-4428-A7AA-6DC38FDC1E29}.Release|Any CPU.Build.0 = Release|Any CPU
		{D29902D3-6FD7-4F13-B380-48057D083E69}.Debug|Any CPU.ActiveCfg = Debug|Any CPU
		{D29902D3-6FD7-4F13-B380-48057D083E69}.Debug|Any CPU.Build.0 = Debug|Any CPU
		{D29902D3-6FD7-4F13-B380-48057D083E69}.Release|Any CPU.ActiveCfg = Release|Any CPU
		{D29902D3-6FD7-4F13-B380-48057D083E69}.Release|Any CPU.Build.0 = Release|Any CPU
		{50719BB5-3ACE-43B4-9DB6-0663ACD3EE92}.Debug|Any CPU.ActiveCfg = Debug|Any CPU
		{50719BB5-3ACE-43B4-9DB6-0663ACD3EE92}.Debug|Any CPU.Build.0 = Debug|Any CPU
		{50719BB5-3ACE-43B4-9DB6-0663ACD3EE92}.Release|Any CPU.ActiveCfg = Release|Any CPU
		{50719BB5-3ACE-43B4-9DB6-0663ACD3EE92}.Release|Any CPU.Build.0 = Release|Any CPU
		{20DF2754-A308-45C4-A971-B1DD67738240}.Debug|Any CPU.ActiveCfg = Debug|Any CPU
		{20DF2754-A308-45C4-A971-B1DD67738240}.Debug|Any CPU.Build.0 = Debug|Any CPU
		{20DF2754-A308-45C4-A971-B1DD67738240}.Release|Any CPU.ActiveCfg = Release|Any CPU
		{20DF2754-A308-45C4-A971-B1DD67738240}.Release|Any CPU.Build.0 = Release|Any CPU
		{7D71583C-584F-44C4-BB54-0626A1FF9F9C}.Debug|Any CPU.ActiveCfg = Debug|Any CPU
		{7D71583C-584F-44C4-BB54-0626A1FF9F9C}.Debug|Any CPU.Build.0 = Debug|Any CPU
		{7D71583C-584F-44C4-BB54-0626A1FF9F9C}.Release|Any CPU.ActiveCfg = Release|Any CPU
		{7D71583C-584F-44C4-BB54-0626A1FF9F9C}.Release|Any CPU.Build.0 = Release|Any CPU
		{FCF0D9C9-5A8B-4C1A-9B1D-B107EFF2D026}.Debug|Any CPU.ActiveCfg = Debug|Any CPU
		{FCF0D9C9-5A8B-4C1A-9B1D-B107EFF2D026}.Debug|Any CPU.Build.0 = Debug|Any CPU
		{FCF0D9C9-5A8B-4C1A-9B1D-B107EFF2D026}.Release|Any CPU.ActiveCfg = Release|Any CPU
		{FCF0D9C9-5A8B-4C1A-9B1D-B107EFF2D026}.Release|Any CPU.Build.0 = Release|Any CPU
		{291D6FFC-7FFC-4F1F-B8A9-AEF7748AFAA6}.Debug|Any CPU.ActiveCfg = Debug|Any CPU
		{291D6FFC-7FFC-4F1F-B8A9-AEF7748AFAA6}.Debug|Any CPU.Build.0 = Debug|Any CPU
		{291D6FFC-7FFC-4F1F-B8A9-AEF7748AFAA6}.Release|Any CPU.ActiveCfg = Release|Any CPU
		{291D6FFC-7FFC-4F1F-B8A9-AEF7748AFAA6}.Release|Any CPU.Build.0 = Release|Any CPU
		{09DC602D-F7E3-409E-9479-9F680827B1E6}.Debug|Any CPU.ActiveCfg = Debug|Any CPU
		{09DC602D-F7E3-409E-9479-9F680827B1E6}.Debug|Any CPU.Build.0 = Debug|Any CPU
		{09DC602D-F7E3-409E-9479-9F680827B1E6}.Release|Any CPU.ActiveCfg = Release|Any CPU
		{09DC602D-F7E3-409E-9479-9F680827B1E6}.Release|Any CPU.Build.0 = Release|Any CPU
		{5A4D562E-D209-4F82-A33D-EEE36FAD8640}.Debug|Any CPU.ActiveCfg = Debug|Any CPU
		{5A4D562E-D209-4F82-A33D-EEE36FAD8640}.Debug|Any CPU.Build.0 = Debug|Any CPU
		{5A4D562E-D209-4F82-A33D-EEE36FAD8640}.Release|Any CPU.ActiveCfg = Release|Any CPU
		{5A4D562E-D209-4F82-A33D-EEE36FAD8640}.Release|Any CPU.Build.0 = Release|Any CPU
		{9CF048AE-B9EA-4993-907A-0C2A59F68ABD}.Debug|Any CPU.ActiveCfg = Debug|Any CPU
		{9CF048AE-B9EA-4993-907A-0C2A59F68ABD}.Debug|Any CPU.Build.0 = Debug|Any CPU
		{9CF048AE-B9EA-4993-907A-0C2A59F68ABD}.Release|Any CPU.ActiveCfg = Release|Any CPU
		{9CF048AE-B9EA-4993-907A-0C2A59F68ABD}.Release|Any CPU.Build.0 = Release|Any CPU
		{259BCC2F-48D1-486A-9BDA-CA21B14C0119}.Debug|Any CPU.ActiveCfg = Debug|Any CPU
		{259BCC2F-48D1-486A-9BDA-CA21B14C0119}.Debug|Any CPU.Build.0 = Debug|Any CPU
		{259BCC2F-48D1-486A-9BDA-CA21B14C0119}.Release|Any CPU.ActiveCfg = Release|Any CPU
		{259BCC2F-48D1-486A-9BDA-CA21B14C0119}.Release|Any CPU.Build.0 = Release|Any CPU
		{E924081D-5C98-45EE-8FD7-DEA3CD83FCC2}.Debug|Any CPU.ActiveCfg = Debug|Any CPU
		{E924081D-5C98-45EE-8FD7-DEA3CD83FCC2}.Debug|Any CPU.Build.0 = Debug|Any CPU
		{E924081D-5C98-45EE-8FD7-DEA3CD83FCC2}.Release|Any CPU.ActiveCfg = Release|Any CPU
		{E924081D-5C98-45EE-8FD7-DEA3CD83FCC2}.Release|Any CPU.Build.0 = Release|Any CPU
		{640ACEB9-482E-409A-8BD6-04DBDCA885D7}.Debug|Any CPU.ActiveCfg = Debug|Any CPU
		{640ACEB9-482E-409A-8BD6-04DBDCA885D7}.Debug|Any CPU.Build.0 = Debug|Any CPU
		{640ACEB9-482E-409A-8BD6-04DBDCA885D7}.Release|Any CPU.ActiveCfg = Release|Any CPU
		{640ACEB9-482E-409A-8BD6-04DBDCA885D7}.Release|Any CPU.Build.0 = Release|Any CPU
	EndGlobalSection
	GlobalSection(SolutionProperties) = preSolution
		HideSolutionNode = FALSE
	EndGlobalSection
	GlobalSection(NestedProjects) = preSolution
		{1821CE08-DAE6-43BA-A93F-7D8E2EB0F2BE} = {02EA681E-C7D8-13C7-8484-4AC65E1B71E8}
		{2BD5EE21-E19D-4079-B512-334FED2639E4} = {02EA681E-C7D8-13C7-8484-4AC65E1B71E8}
		{8B641059-B3B2-4428-A7AA-6DC38FDC1E29} = {02EA681E-C7D8-13C7-8484-4AC65E1B71E8}
		{D29902D3-6FD7-4F13-B380-48057D083E69} = {4FF36A43-2186-472D-928A-9752D028342D}
		{50719BB5-3ACE-43B4-9DB6-0663ACD3EE92} = {4FF36A43-2186-472D-928A-9752D028342D}
		{20DF2754-A308-45C4-A971-B1DD67738240} = {4FF36A43-2186-472D-928A-9752D028342D}
		{7D71583C-584F-44C4-BB54-0626A1FF9F9C} = {3100FDC3-A6BF-4C65-BCCB-F29271519C2E}
		{FCF0D9C9-5A8B-4C1A-9B1D-B107EFF2D026} = {3100FDC3-A6BF-4C65-BCCB-F29271519C2E}
		{291D6FFC-7FFC-4F1F-B8A9-AEF7748AFAA6} = {3100FDC3-A6BF-4C65-BCCB-F29271519C2E}
		{09DC602D-F7E3-409E-9479-9F680827B1E6} = {EB015BD6-AAA1-46E8-8203-1052A10A3D35}
		{5A4D562E-D209-4F82-A33D-EEE36FAD8640} = {EB015BD6-AAA1-46E8-8203-1052A10A3D35}
		{9CF048AE-B9EA-4993-907A-0C2A59F68ABD} = {EB015BD6-AAA1-46E8-8203-1052A10A3D35}
		{259BCC2F-48D1-486A-9BDA-CA21B14C0119} = {3B868171-113A-4468-97DA-8965A7CEA75D}
		{E924081D-5C98-45EE-8FD7-DEA3CD83FCC2} = {3B868171-113A-4468-97DA-8965A7CEA75D}
		{640ACEB9-482E-409A-8BD6-04DBDCA885D7} = {3B868171-113A-4468-97DA-8965A7CEA75D}
	EndGlobalSection
	GlobalSection(ExtensibilityGlobals) = postSolution
		SolutionGuid = {3DD3D66D-B554-45EE-BF6C-94D867D160F0}
	EndGlobalSection
EndGlobal
